// !$*UTF8*$!
{
	archiveVersion = 1;
	classes = {
	};
	objectVersion = 56;
	objects = {

/* Begin PBXBuildFile section */
		3D7302C329A43AC500E10D7B /* Currency_DisplayApp.swift in Sources */ = {isa = PBXBuildFile; fileRef = 3D7302C229A43AC500E10D7B /* Currency_DisplayApp.swift */; };
		3D7302C529A43AC500E10D7B /* ContentView.swift in Sources */ = {isa = PBXBuildFile; fileRef = 3D7302C429A43AC500E10D7B /* ContentView.swift */; };
		3D7302C729A43AC600E10D7B /* Assets.xcassets in Resources */ = {isa = PBXBuildFile; fileRef = 3D7302C629A43AC600E10D7B /* Assets.xcassets */; };
		3D7302CA29A43AC600E10D7B /* Preview Assets.xcassets in Resources */ = {isa = PBXBuildFile; fileRef = 3D7302C929A43AC600E10D7B /* Preview Assets.xcassets */; };
		3D7302D429A43AC600E10D7B /* Currency_DisplayTests.swift in Sources */ = {isa = PBXBuildFile; fileRef = 3D7302D329A43AC600E10D7B /* Currency_DisplayTests.swift */; };
		3D7302DE29A43AC600E10D7B /* Currency_DisplayUITests.swift in Sources */ = {isa = PBXBuildFile; fileRef = 3D7302DD29A43AC600E10D7B /* Currency_DisplayUITests.swift */; };
		3D7302E029A43AC600E10D7B /* Currency_DisplayUITestsLaunchTests.swift in Sources */ = {isa = PBXBuildFile; fileRef = 3D7302DF29A43AC600E10D7B /* Currency_DisplayUITestsLaunchTests.swift */; };
		3D7302F029A43BBC00E10D7B /* ExchangeAPI.swift in Sources */ = {isa = PBXBuildFile; fileRef = 3D7302EF29A43BBC00E10D7B /* ExchangeAPI.swift */; };
		3D7302F229A43D5900E10D7B /* Exchange.swift in Sources */ = {isa = PBXBuildFile; fileRef = 3D7302F129A43D5900E10D7B /* Exchange.swift */; };
		3D7302F429A4980D00E10D7B /* ExchangeListView.swift in Sources */ = {isa = PBXBuildFile; fileRef = 3D7302F329A4980D00E10D7B /* ExchangeListView.swift */; };
		3DD0F8F629B6F3D0000833EE /* ExchangeDetail.swift in Sources */ = {isa = PBXBuildFile; fileRef = 3DD0F8F529B6F3D0000833EE /* ExchangeDetail.swift */; };
		3DD0F8FA29B6F681000833EE /* Currency.swift in Sources */ = {isa = PBXBuildFile; fileRef = 3DD0F8F929B6F681000833EE /* Currency.swift */; };
/* End PBXBuildFile section */

/* Begin PBXContainerItemProxy section */
		3D7302D029A43AC600E10D7B /* PBXContainerItemProxy */ = {
			isa = PBXContainerItemProxy;
			containerPortal = 3D7302B729A43AC500E10D7B /* Project object */;
			proxyType = 1;
			remoteGlobalIDString = 3D7302BE29A43AC500E10D7B;
			remoteInfo = "Currency Display";
		};
		3D7302DA29A43AC600E10D7B /* PBXContainerItemProxy */ = {
			isa = PBXContainerItemProxy;
			containerPortal = 3D7302B729A43AC500E10D7B /* Project object */;
			proxyType = 1;
			remoteGlobalIDString = 3D7302BE29A43AC500E10D7B;
			remoteInfo = "Currency Display";
		};
/* End PBXContainerItemProxy section */

/* Begin PBXFileReference section */
		3D7302BF29A43AC500E10D7B /* Currency Display.app */ = {isa = PBXFileReference; explicitFileType = wrapper.application; includeInIndex = 0; path = "Currency Display.app"; sourceTree = BUILT_PRODUCTS_DIR; };
		3D7302C229A43AC500E10D7B /* Currency_DisplayApp.swift */ = {isa = PBXFileReference; lastKnownFileType = sourcecode.swift; path = Currency_DisplayApp.swift; sourceTree = "<group>"; };
		3D7302C429A43AC500E10D7B /* ContentView.swift */ = {isa = PBXFileReference; lastKnownFileType = sourcecode.swift; path = ContentView.swift; sourceTree = "<group>"; };
		3D7302C629A43AC600E10D7B /* Assets.xcassets */ = {isa = PBXFileReference; lastKnownFileType = folder.assetcatalog; path = Assets.xcassets; sourceTree = "<group>"; };
		3D7302C929A43AC600E10D7B /* Preview Assets.xcassets */ = {isa = PBXFileReference; lastKnownFileType = folder.assetcatalog; path = "Preview Assets.xcassets"; sourceTree = "<group>"; };
		3D7302CF29A43AC600E10D7B /* Currency DisplayTests.xctest */ = {isa = PBXFileReference; explicitFileType = wrapper.cfbundle; includeInIndex = 0; path = "Currency DisplayTests.xctest"; sourceTree = BUILT_PRODUCTS_DIR; };
		3D7302D329A43AC600E10D7B /* Currency_DisplayTests.swift */ = {isa = PBXFileReference; lastKnownFileType = sourcecode.swift; path = Currency_DisplayTests.swift; sourceTree = "<group>"; };
		3D7302D929A43AC600E10D7B /* Currency DisplayUITests.xctest */ = {isa = PBXFileReference; explicitFileType = wrapper.cfbundle; includeInIndex = 0; path = "Currency DisplayUITests.xctest"; sourceTree = BUILT_PRODUCTS_DIR; };
		3D7302DD29A43AC600E10D7B /* Currency_DisplayUITests.swift */ = {isa = PBXFileReference; lastKnownFileType = sourcecode.swift; path = Currency_DisplayUITests.swift; sourceTree = "<group>"; };
		3D7302DF29A43AC600E10D7B /* Currency_DisplayUITestsLaunchTests.swift */ = {isa = PBXFileReference; lastKnownFileType = sourcecode.swift; path = Currency_DisplayUITestsLaunchTests.swift; sourceTree = "<group>"; };
		3D7302EF29A43BBC00E10D7B /* ExchangeAPI.swift */ = {isa = PBXFileReference; lastKnownFileType = sourcecode.swift; path = ExchangeAPI.swift; sourceTree = "<group>"; };
		3D7302F129A43D5900E10D7B /* Exchange.swift */ = {isa = PBXFileReference; lastKnownFileType = sourcecode.swift; path = Exchange.swift; sourceTree = "<group>"; };
		3D7302F329A4980D00E10D7B /* ExchangeListView.swift */ = {isa = PBXFileReference; lastKnownFileType = sourcecode.swift; path = ExchangeListView.swift; sourceTree = "<group>"; };
		3DD0F8F529B6F3D0000833EE /* ExchangeDetail.swift */ = {isa = PBXFileReference; lastKnownFileType = sourcecode.swift; path = ExchangeDetail.swift; sourceTree = "<group>"; };
		3DD0F8F929B6F681000833EE /* Currency.swift */ = {isa = PBXFileReference; lastKnownFileType = sourcecode.swift; path = Currency.swift; sourceTree = "<group>"; };
/* End PBXFileReference section */

/* Begin PBXFrameworksBuildPhase section */
		3D7302BC29A43AC500E10D7B /* Frameworks */ = {
			isa = PBXFrameworksBuildPhase;
			buildActionMask = 2147483647;
			files = (
			);
			runOnlyForDeploymentPostprocessing = 0;
		};
		3D7302CC29A43AC600E10D7B /* Frameworks */ = {
			isa = PBXFrameworksBuildPhase;
			buildActionMask = 2147483647;
			files = (
			);
			runOnlyForDeploymentPostprocessing = 0;
		};
		3D7302D629A43AC600E10D7B /* Frameworks */ = {
			isa = PBXFrameworksBuildPhase;
			buildActionMask = 2147483647;
			files = (
			);
			runOnlyForDeploymentPostprocessing = 0;
		};
/* End PBXFrameworksBuildPhase section */

/* Begin PBXGroup section */
		3D7302B629A43AC500E10D7B = {
			isa = PBXGroup;
			children = (
				3D7302C129A43AC500E10D7B /* Currency Display */,
				3D7302D229A43AC600E10D7B /* Currency DisplayTests */,
				3D7302DC29A43AC600E10D7B /* Currency DisplayUITests */,
				3D7302C029A43AC500E10D7B /* Products */,
			);
			sourceTree = "<group>";
		};
		3D7302C029A43AC500E10D7B /* Products */ = {
			isa = PBXGroup;
			children = (
				3D7302BF29A43AC500E10D7B /* Currency Display.app */,
				3D7302CF29A43AC600E10D7B /* Currency DisplayTests.xctest */,
				3D7302D929A43AC600E10D7B /* Currency DisplayUITests.xctest */,
			);
			name = Products;
			sourceTree = "<group>";
		};
		3D7302C129A43AC500E10D7B /* Currency Display */ = {
			isa = PBXGroup;
			children = (
				3D7302EE29A43B8300E10D7B /* Views */,
				3D7302ED29A43B7B00E10D7B /* Model */,
				3D7302EC29A43B7300E10D7B /* API */,
				3D7302C229A43AC500E10D7B /* Currency_DisplayApp.swift */,
				3D7302C429A43AC500E10D7B /* ContentView.swift */,
				3D7302C629A43AC600E10D7B /* Assets.xcassets */,
				3D7302C829A43AC600E10D7B /* Preview Content */,
			);
			path = "Currency Display";
			sourceTree = "<group>";
		};
		3D7302C829A43AC600E10D7B /* Preview Content */ = {
			isa = PBXGroup;
			children = (
				3D7302C929A43AC600E10D7B /* Preview Assets.xcassets */,
			);
			path = "Preview Content";
			sourceTree = "<group>";
		};
		3D7302D229A43AC600E10D7B /* Currency DisplayTests */ = {
			isa = PBXGroup;
			children = (
				3D7302D329A43AC600E10D7B /* Currency_DisplayTests.swift */,
			);
			path = "Currency DisplayTests";
			sourceTree = "<group>";
		};
		3D7302DC29A43AC600E10D7B /* Currency DisplayUITests */ = {
			isa = PBXGroup;
			children = (
				3D7302DD29A43AC600E10D7B /* Currency_DisplayUITests.swift */,
				3D7302DF29A43AC600E10D7B /* Currency_DisplayUITestsLaunchTests.swift */,
			);
			path = "Currency DisplayUITests";
			sourceTree = "<group>";
		};
		3D7302EC29A43B7300E10D7B /* API */ = {
			isa = PBXGroup;
			children = (
				3D7302EF29A43BBC00E10D7B /* ExchangeAPI.swift */,
			);
			path = API;
			sourceTree = "<group>";
		};
		3D7302ED29A43B7B00E10D7B /* Model */ = {
			isa = PBXGroup;
			children = (
				3D7302F129A43D5900E10D7B /* Exchange.swift */,
				3DD0F8F929B6F681000833EE /* Currency.swift */,
			);
			path = Model;
			sourceTree = "<group>";
		};
		3D7302EE29A43B8300E10D7B /* Views */ = {
			isa = PBXGroup;
			children = (
				3D7302F329A4980D00E10D7B /* ExchangeListView.swift */,
				3DD0F8F529B6F3D0000833EE /* ExchangeDetail.swift */,
			);
			path = Views;
			sourceTree = "<group>";
		};
/* End PBXGroup section */

/* Begin PBXNativeTarget section */
		3D7302BE29A43AC500E10D7B /* Currency Display */ = {
			isa = PBXNativeTarget;
			buildConfigurationList = 3D7302E329A43AC600E10D7B /* Build configuration list for PBXNativeTarget "Currency Display" */;
			buildPhases = (
				3D7302BB29A43AC500E10D7B /* Sources */,
				3D7302BC29A43AC500E10D7B /* Frameworks */,
				3D7302BD29A43AC500E10D7B /* Resources */,
			);
			buildRules = (
			);
			dependencies = (
			);
			name = "Currency Display";
			productName = "Currency Display";
			productReference = 3D7302BF29A43AC500E10D7B /* Currency Display.app */;
			productType = "com.apple.product-type.application";
		};
		3D7302CE29A43AC600E10D7B /* Currency DisplayTests */ = {
			isa = PBXNativeTarget;
			buildConfigurationList = 3D7302E629A43AC600E10D7B /* Build configuration list for PBXNativeTarget "Currency DisplayTests" */;
			buildPhases = (
				3D7302CB29A43AC600E10D7B /* Sources */,
				3D7302CC29A43AC600E10D7B /* Frameworks */,
				3D7302CD29A43AC600E10D7B /* Resources */,
			);
			buildRules = (
			);
			dependencies = (
				3D7302D129A43AC600E10D7B /* PBXTargetDependency */,
			);
			name = "Currency DisplayTests";
			productName = "Currency DisplayTests";
			productReference = 3D7302CF29A43AC600E10D7B /* Currency DisplayTests.xctest */;
			productType = "com.apple.product-type.bundle.unit-test";
		};
		3D7302D829A43AC600E10D7B /* Currency DisplayUITests */ = {
			isa = PBXNativeTarget;
			buildConfigurationList = 3D7302E929A43AC600E10D7B /* Build configuration list for PBXNativeTarget "Currency DisplayUITests" */;
			buildPhases = (
				3D7302D529A43AC600E10D7B /* Sources */,
				3D7302D629A43AC600E10D7B /* Frameworks */,
				3D7302D729A43AC600E10D7B /* Resources */,
			);
			buildRules = (
			);
			dependencies = (
				3D7302DB29A43AC600E10D7B /* PBXTargetDependency */,
			);
			name = "Currency DisplayUITests";
			productName = "Currency DisplayUITests";
			productReference = 3D7302D929A43AC600E10D7B /* Currency DisplayUITests.xctest */;
			productType = "com.apple.product-type.bundle.ui-testing";
		};
/* End PBXNativeTarget section */

/* Begin PBXProject section */
		3D7302B729A43AC500E10D7B /* Project object */ = {
			isa = PBXProject;
			attributes = {
				BuildIndependentTargetsInParallel = 1;
				LastSwiftUpdateCheck = 1420;
				LastUpgradeCheck = 1420;
				TargetAttributes = {
					3D7302BE29A43AC500E10D7B = {
						CreatedOnToolsVersion = 14.2;
					};
					3D7302CE29A43AC600E10D7B = {
						CreatedOnToolsVersion = 14.2;
						TestTargetID = 3D7302BE29A43AC500E10D7B;
					};
					3D7302D829A43AC600E10D7B = {
						CreatedOnToolsVersion = 14.2;
						TestTargetID = 3D7302BE29A43AC500E10D7B;
					};
				};
			};
			buildConfigurationList = 3D7302BA29A43AC500E10D7B /* Build configuration list for PBXProject "Currency Display" */;
			compatibilityVersion = "Xcode 14.0";
			developmentRegion = en;
			hasScannedForEncodings = 0;
			knownRegions = (
				en,
				Base,
			);
			mainGroup = 3D7302B629A43AC500E10D7B;
			productRefGroup = 3D7302C029A43AC500E10D7B /* Products */;
			projectDirPath = "";
			projectRoot = "";
			targets = (
				3D7302BE29A43AC500E10D7B /* Currency Display */,
				3D7302CE29A43AC600E10D7B /* Currency DisplayTests */,
				3D7302D829A43AC600E10D7B /* Currency DisplayUITests */,
			);
		};
/* End PBXProject section */

/* Begin PBXResourcesBuildPhase section */
		3D7302BD29A43AC500E10D7B /* Resources */ = {
			isa = PBXResourcesBuildPhase;
			buildActionMask = 2147483647;
			files = (
				3D7302CA29A43AC600E10D7B /* Preview Assets.xcassets in Resources */,
				3D7302C729A43AC600E10D7B /* Assets.xcassets in Resources */,
			);
			runOnlyForDeploymentPostprocessing = 0;
		};
		3D7302CD29A43AC600E10D7B /* Resources */ = {
			isa = PBXResourcesBuildPhase;
			buildActionMask = 2147483647;
			files = (
			);
			runOnlyForDeploymentPostprocessing = 0;
		};
		3D7302D729A43AC600E10D7B /* Resources */ = {
			isa = PBXResourcesBuildPhase;
			buildActionMask = 2147483647;
			files = (
			);
			runOnlyForDeploymentPostprocessing = 0;
		};
/* End PBXResourcesBuildPhase section */

/* Begin PBXSourcesBuildPhase section */
		3D7302BB29A43AC500E10D7B /* Sources */ = {
			isa = PBXSourcesBuildPhase;
			buildActionMask = 2147483647;
			files = (
				3D7302F429A4980D00E10D7B /* ExchangeListView.swift in Sources */,
				3D7302F229A43D5900E10D7B /* Exchange.swift in Sources */,
				3D7302C529A43AC500E10D7B /* ContentView.swift in Sources */,
				3D7302C329A43AC500E10D7B /* Currency_DisplayApp.swift in Sources */,
				3D7302F029A43BBC00E10D7B /* ExchangeAPI.swift in Sources */,
				3DD0F8FA29B6F681000833EE /* Currency.swift in Sources */,
				3DD0F8F629B6F3D0000833EE /* ExchangeDetail.swift in Sources */,
			);
			runOnlyForDeploymentPostprocessing = 0;
		};
		3D7302CB29A43AC600E10D7B /* Sources */ = {
			isa = PBXSourcesBuildPhase;
			buildActionMask = 2147483647;
			files = (
				3D7302D429A43AC600E10D7B /* Currency_DisplayTests.swift in Sources */,
			);
			runOnlyForDeploymentPostprocessing = 0;
		};
		3D7302D529A43AC600E10D7B /* Sources */ = {
			isa = PBXSourcesBuildPhase;
			buildActionMask = 2147483647;
			files = (
				3D7302E029A43AC600E10D7B /* Currency_DisplayUITestsLaunchTests.swift in Sources */,
				3D7302DE29A43AC600E10D7B /* Currency_DisplayUITests.swift in Sources */,
			);
			runOnlyForDeploymentPostprocessing = 0;
		};
/* End PBXSourcesBuildPhase section */

/* Begin PBXTargetDependency section */
		3D7302D129A43AC600E10D7B /* PBXTargetDependency */ = {
			isa = PBXTargetDependency;
			target = 3D7302BE29A43AC500E10D7B /* Currency Display */;
			targetProxy = 3D7302D029A43AC600E10D7B /* PBXContainerItemProxy */;
		};
		3D7302DB29A43AC600E10D7B /* PBXTargetDependency */ = {
			isa = PBXTargetDependency;
			target = 3D7302BE29A43AC500E10D7B /* Currency Display */;
			targetProxy = 3D7302DA29A43AC600E10D7B /* PBXContainerItemProxy */;
		};
/* End PBXTargetDependency section */

/* Begin XCBuildConfiguration section */
		3D7302E129A43AC600E10D7B /* Debug */ = {
			isa = XCBuildConfiguration;
			buildSettings = {
				ALWAYS_SEARCH_USER_PATHS = NO;
				CLANG_ANALYZER_NONNULL = YES;
				CLANG_ANALYZER_NUMBER_OBJECT_CONVERSION = YES_AGGRESSIVE;
				CLANG_CXX_LANGUAGE_STANDARD = "gnu++20";
				CLANG_ENABLE_MODULES = YES;
				CLANG_ENABLE_OBJC_ARC = YES;
				CLANG_ENABLE_OBJC_WEAK = YES;
				CLANG_WARN_BLOCK_CAPTURE_AUTORELEASING = YES;
				CLANG_WARN_BOOL_CONVERSION = YES;
				CLANG_WARN_COMMA = YES;
				CLANG_WARN_CONSTANT_CONVERSION = YES;
				CLANG_WARN_DEPRECATED_OBJC_IMPLEMENTATIONS = YES;
				CLANG_WARN_DIRECT_OBJC_ISA_USAGE = YES_ERROR;
				CLANG_WARN_DOCUMENTATION_COMMENTS = YES;
				CLANG_WARN_EMPTY_BODY = YES;
				CLANG_WARN_ENUM_CONVERSION = YES;
				CLANG_WARN_INFINITE_RECURSION = YES;
				CLANG_WARN_INT_CONVERSION = YES;
				CLANG_WARN_NON_LITERAL_NULL_CONVERSION = YES;
				CLANG_WARN_OBJC_IMPLICIT_RETAIN_SELF = YES;
				CLANG_WARN_OBJC_LITERAL_CONVERSION = YES;
				CLANG_WARN_OBJC_ROOT_CLASS = YES_ERROR;
				CLANG_WARN_QUOTED_INCLUDE_IN_FRAMEWORK_HEADER = YES;
				CLANG_WARN_RANGE_LOOP_ANALYSIS = YES;
				CLANG_WARN_STRICT_PROTOTYPES = YES;
				CLANG_WARN_SUSPICIOUS_MOVE = YES;
				CLANG_WARN_UNGUARDED_AVAILABILITY = YES_AGGRESSIVE;
				CLANG_WARN_UNREACHABLE_CODE = YES;
				CLANG_WARN__DUPLICATE_METHOD_MATCH = YES;
				COPY_PHASE_STRIP = NO;
				DEBUG_INFORMATION_FORMAT = dwarf;
				ENABLE_STRICT_OBJC_MSGSEND = YES;
				ENABLE_TESTABILITY = YES;
				GCC_C_LANGUAGE_STANDARD = gnu11;
				GCC_DYNAMIC_NO_PIC = NO;
				GCC_NO_COMMON_BLOCKS = YES;
				GCC_OPTIMIZATION_LEVEL = 0;
				GCC_PREPROCESSOR_DEFINITIONS = (
					"DEBUG=1",
					"$(inherited)",
				);
				GCC_WARN_64_TO_32_BIT_CONVERSION = YES;
				GCC_WARN_ABOUT_RETURN_TYPE = YES_ERROR;
				GCC_WARN_UNDECLARED_SELECTOR = YES;
				GCC_WARN_UNINITIALIZED_AUTOS = YES_AGGRESSIVE;
				GCC_WARN_UNUSED_FUNCTION = YES;
				GCC_WARN_UNUSED_VARIABLE = YES;
				IPHONEOS_DEPLOYMENT_TARGET = 16.2;
				MTL_ENABLE_DEBUG_INFO = INCLUDE_SOURCE;
				MTL_FAST_MATH = YES;
				ONLY_ACTIVE_ARCH = YES;
				SDKROOT = iphoneos;
				SWIFT_ACTIVE_COMPILATION_CONDITIONS = DEBUG;
				SWIFT_OPTIMIZATION_LEVEL = "-Onone";
			};
			name = Debug;
		};
		3D7302E229A43AC600E10D7B /* Release */ = {
			isa = XCBuildConfiguration;
			buildSettings = {
				ALWAYS_SEARCH_USER_PATHS = NO;
				CLANG_ANALYZER_NONNULL = YES;
				CLANG_ANALYZER_NUMBER_OBJECT_CONVERSION = YES_AGGRESSIVE;
				CLANG_CXX_LANGUAGE_STANDARD = "gnu++20";
				CLANG_ENABLE_MODULES = YES;
				CLANG_ENABLE_OBJC_ARC = YES;
				CLANG_ENABLE_OBJC_WEAK = YES;
				CLANG_WARN_BLOCK_CAPTURE_AUTORELEASING = YES;
				CLANG_WARN_BOOL_CONVERSION = YES;
				CLANG_WARN_COMMA = YES;
				CLANG_WARN_CONSTANT_CONVERSION = YES;
				CLANG_WARN_DEPRECATED_OBJC_IMPLEMENTATIONS = YES;
				CLANG_WARN_DIRECT_OBJC_ISA_USAGE = YES_ERROR;
				CLANG_WARN_DOCUMENTATION_COMMENTS = YES;
				CLANG_WARN_EMPTY_BODY = YES;
				CLANG_WARN_ENUM_CONVERSION = YES;
				CLANG_WARN_INFINITE_RECURSION = YES;
				CLANG_WARN_INT_CONVERSION = YES;
				CLANG_WARN_NON_LITERAL_NULL_CONVERSION = YES;
				CLANG_WARN_OBJC_IMPLICIT_RETAIN_SELF = YES;
				CLANG_WARN_OBJC_LITERAL_CONVERSION = YES;
				CLANG_WARN_OBJC_ROOT_CLASS = YES_ERROR;
				CLANG_WARN_QUOTED_INCLUDE_IN_FRAMEWORK_HEADER = YES;
				CLANG_WARN_RANGE_LOOP_ANALYSIS = YES;
				CLANG_WARN_STRICT_PROTOTYPES = YES;
				CLANG_WARN_SUSPICIOUS_MOVE = YES;
				CLANG_WARN_UNGUARDED_AVAILABILITY = YES_AGGRESSIVE;
				CLANG_WARN_UNREACHABLE_CODE = YES;
				CLANG_WARN__DUPLICATE_METHOD_MATCH = YES;
				COPY_PHASE_STRIP = NO;
				DEBUG_INFORMATION_FORMAT = "dwarf-with-dsym";
				ENABLE_NS_ASSERTIONS = NO;
				ENABLE_STRICT_OBJC_MSGSEND = YES;
				GCC_C_LANGUAGE_STANDARD = gnu11;
				GCC_NO_COMMON_BLOCKS = YES;
				GCC_WARN_64_TO_32_BIT_CONVERSION = YES;
				GCC_WARN_ABOUT_RETURN_TYPE = YES_ERROR;
				GCC_WARN_UNDECLARED_SELECTOR = YES;
				GCC_WARN_UNINITIALIZED_AUTOS = YES_AGGRESSIVE;
				GCC_WARN_UNUSED_FUNCTION = YES;
				GCC_WARN_UNUSED_VARIABLE = YES;
				IPHONEOS_DEPLOYMENT_TARGET = 16.2;
				MTL_ENABLE_DEBUG_INFO = NO;
				MTL_FAST_MATH = YES;
				SDKROOT = iphoneos;
				SWIFT_COMPILATION_MODE = wholemodule;
				SWIFT_OPTIMIZATION_LEVEL = "-O";
				VALIDATE_PRODUCT = YES;
			};
			name = Release;
		};
		3D7302E429A43AC600E10D7B /* Debug */ = {
			isa = XCBuildConfiguration;
			buildSettings = {
				ASSETCATALOG_COMPILER_APPICON_NAME = AppIcon;
				ASSETCATALOG_COMPILER_GLOBAL_ACCENT_COLOR_NAME = AccentColor;
				CODE_SIGN_STYLE = Automatic;
				CURRENT_PROJECT_VERSION = 1;
				DEVELOPMENT_ASSET_PATHS = "\"Currency Display/Preview Content\"";
				ENABLE_PREVIEWS = YES;
				GENERATE_INFOPLIST_FILE = YES;
				INFOPLIST_KEY_UIApplicationSceneManifest_Generation = YES;
				INFOPLIST_KEY_UIApplicationSupportsIndirectInputEvents = YES;
				INFOPLIST_KEY_UILaunchScreen_Generation = YES;
				INFOPLIST_KEY_UISupportedInterfaceOrientations_iPad = "UIInterfaceOrientationPortrait UIInterfaceOrientationPortraitUpsideDown UIInterfaceOrientationLandscapeLeft UIInterfaceOrientationLandscapeRight";
				INFOPLIST_KEY_UISupportedInterfaceOrientations_iPhone = "UIInterfaceOrientationPortrait UIInterfaceOrientationLandscapeLeft UIInterfaceOrientationLandscapeRight";
				LD_RUNPATH_SEARCH_PATHS = (
					"$(inherited)",
					"@executable_path/Frameworks",
				);
				MARKETING_VERSION = 1.0;
				PRODUCT_BUNDLE_IDENTIFIER = "edu.lmu.Currency-Display";
				PRODUCT_NAME = "$(TARGET_NAME)";
				SWIFT_EMIT_LOC_STRINGS = YES;
				SWIFT_VERSION = 5.0;
				TARGETED_DEVICE_FAMILY = "1,2";
			};
			name = Debug;
		};
		3D7302E529A43AC600E10D7B /* Release */ = {
			isa = XCBuildConfiguration;
			buildSettings = {
				ASSETCATALOG_COMPILER_APPICON_NAME = AppIcon;
				ASSETCATALOG_COMPILER_GLOBAL_ACCENT_COLOR_NAME = AccentColor;
				CODE_SIGN_STYLE = Automatic;
				CURRENT_PROJECT_VERSION = 1;
				DEVELOPMENT_ASSET_PATHS = "\"Currency Display/Preview Content\"";
				ENABLE_PREVIEWS = YES;
				GENERATE_INFOPLIST_FILE = YES;
				INFOPLIST_KEY_UIApplicationSceneManifest_Generation = YES;
				INFOPLIST_KEY_UIApplicationSupportsIndirectInputEvents = YES;
				INFOPLIST_KEY_UILaunchScreen_Generation = YES;
				INFOPLIST_KEY_UISupportedInterfaceOrientations_iPad = "UIInterfaceOrientationPortrait UIInterfaceOrientationPortraitUpsideDown UIInterfaceOrientationLandscapeLeft UIInterfaceOrientationLandscapeRight";
				INFOPLIST_KEY_UISupportedInterfaceOrientations_iPhone = "UIInterfaceOrientationPortrait UIInterfaceOrientationLandscapeLeft UIInterfaceOrientationLandscapeRight";
				LD_RUNPATH_SEARCH_PATHS = (
					"$(inherited)",
					"@executable_path/Frameworks",
				);
				MARKETING_VERSION = 1.0;
				PRODUCT_BUNDLE_IDENTIFIER = "edu.lmu.Currency-Display";
				PRODUCT_NAME = "$(TARGET_NAME)";
				SWIFT_EMIT_LOC_STRINGS = YES;
				SWIFT_VERSION = 5.0;
				TARGETED_DEVICE_FAMILY = "1,2";
			};
			name = Release;
		};
		3D7302E729A43AC600E10D7B /* Debug */ = {
			isa = XCBuildConfiguration;
			buildSettings = {
				ALWAYS_EMBED_SWIFT_STANDARD_LIBRARIES = YES;
				BUNDLE_LOADER = "$(TEST_HOST)";
				CODE_SIGN_STYLE = Automatic;
				CURRENT_PROJECT_VERSION = 1;
				GENERATE_INFOPLIST_FILE = YES;
				IPHONEOS_DEPLOYMENT_TARGET = 16.2;
				MARKETING_VERSION = 1.0;
				PRODUCT_BUNDLE_IDENTIFIER = "edu.lmu.Currency-DisplayTests";
				PRODUCT_NAME = "$(TARGET_NAME)";
				SWIFT_EMIT_LOC_STRINGS = NO;
				SWIFT_VERSION = 5.0;
				TARGETED_DEVICE_FAMILY = "1,2";
				TEST_HOST = "$(BUILT_PRODUCTS_DIR)/Currency Display.app/$(BUNDLE_EXECUTABLE_FOLDER_PATH)/Currency Display";
			};
			name = Debug;
		};
		3D7302E829A43AC600E10D7B /* Release */ = {
			isa = XCBuildConfiguration;
			buildSettings = {
				ALWAYS_EMBED_SWIFT_STANDARD_LIBRARIES = YES;
				BUNDLE_LOADER = "$(TEST_HOST)";
				CODE_SIGN_STYLE = Automatic;
				CURRENT_PROJECT_VERSION = 1;
				GENERATE_INFOPLIST_FILE = YES;
				IPHONEOS_DEPLOYMENT_TARGET = 16.2;
				MARKETING_VERSION = 1.0;
				PRODUCT_BUNDLE_IDENTIFIER = "edu.lmu.Currency-DisplayTests";
				PRODUCT_NAME = "$(TARGET_NAME)";
				SWIFT_EMIT_LOC_STRINGS = NO;
				SWIFT_VERSION = 5.0;
				TARGETED_DEVICE_FAMILY = "1,2";
				TEST_HOST = "$(BUILT_PRODUCTS_DIR)/Currency Display.app/$(BUNDLE_EXECUTABLE_FOLDER_PATH)/Currency Display";
			};
			name = Release;
		};
		3D7302EA29A43AC600E10D7B /* Debug */ = {
			isa = XCBuildConfiguration;
			buildSettings = {
				ALWAYS_EMBED_SWIFT_STANDARD_LIBRARIES = YES;
				CODE_SIGN_STYLE = Automatic;
				CURRENT_PROJECT_VERSION = 1;
				GENERATE_INFOPLIST_FILE = YES;
				MARKETING_VERSION = 1.0;
				PRODUCT_BUNDLE_IDENTIFIER = "edu.lmu.Currency-DisplayUITests";
				PRODUCT_NAME = "$(TARGET_NAME)";
				SWIFT_EMIT_LOC_STRINGS = NO;
				SWIFT_VERSION = 5.0;
				TARGETED_DEVICE_FAMILY = "1,2";
				TEST_TARGET_NAME = "Currency Display";
			};
			name = Debug;
		};
		3D7302EB29A43AC600E10D7B /* Release */ = {
			isa = XCBuildConfiguration;
			buildSettings = {
				ALWAYS_EMBED_SWIFT_STANDARD_LIBRARIES = YES;
				CODE_SIGN_STYLE = Automatic;
				CURRENT_PROJECT_VERSION = 1;
				GENERATE_INFOPLIST_FILE = YES;
				MARKETING_VERSION = 1.0;
				PRODUCT_BUNDLE_IDENTIFIER = "edu.lmu.Currency-DisplayUITests";
				PRODUCT_NAME = "$(TARGET_NAME)";
				SWIFT_EMIT_LOC_STRINGS = NO;
				SWIFT_VERSION = 5.0;
				TARGETED_DEVICE_FAMILY = "1,2";
				TEST_TARGET_NAME = "Currency Display";
			};
			name = Release;
		};
/* End XCBuildConfiguration section */

/* Begin XCConfigurationList section */
		3D7302BA29A43AC500E10D7B /* Build configuration list for PBXProject "Currency Display" */ = {
			isa = XCConfigurationList;
			buildConfigurations = (
				3D7302E129A43AC600E10D7B /* Debug */,
				3D7302E229A43AC600E10D7B /* Release */,
			);
			defaultConfigurationIsVisible = 0;
			defaultConfigurationName = Release;
		};
		3D7302E329A43AC600E10D7B /* Build configuration list for PBXNativeTarget "Currency Display" */ = {
			isa = XCConfigurationList;
			buildConfigurations = (
				3D7302E429A43AC600E10D7B /* Debug */,
				3D7302E529A43AC600E10D7B /* Release */,
			);
			defaultConfigurationIsVisible = 0;
			defaultConfigurationName = Release;
		};
		3D7302E629A43AC600E10D7B /* Build configuration list for PBXNativeTarget "Currency DisplayTests" */ = {
			isa = XCConfigurationList;
			buildConfigurations = (
				3D7302E729A43AC600E10D7B /* Debug */,
				3D7302E829A43AC600E10D7B /* Release */,
			);
			defaultConfigurationIsVisible = 0;
			defaultConfigurationName = Release;
		};
		3D7302E929A43AC600E10D7B /* Build configuration list for PBXNativeTarget "Currency DisplayUITests" */ = {
			isa = XCConfigurationList;
			buildConfigurations = (
				3D7302EA29A43AC600E10D7B /* Debug */,
				3D7302EB29A43AC600E10D7B /* Release */,
			);
			defaultConfigurationIsVisible = 0;
			defaultConfigurationName = Release;
		};
/* End XCConfigurationList section */
	};
	rootObject = 3D7302B729A43AC500E10D7B /* Project object */;
}
